<?xml version="1.0" encoding="UTF-8" standalone="yes" ?>
<CodeBlocks_project_file>
	<FileVersion major="1" minor="6" />
	<Project>
		<Option title="WidapChessGUI" />
		<Option pch_mode="2" />
		<Option compiler="gcc" />
		<Build>
			<Target title="Debug">
				<Option output="WidapChessGUI" prefix_auto="1" extension_auto="1" />
				<Option object_output="obj/Debug/" />
				<Option type="1" />
				<Option compiler="gcc" />
				<Compiler>
					<Add option="-g" />
				</Compiler>
			</Target>
			<Target title="Release">
				<Option output="WidapChessGUI" prefix_auto="1" extension_auto="1" />
				<Option object_output="obj/Release/" />
				<Option type="0" />
				<Option compiler="gcc" />
				<Compiler>
					<Add option="-O2" />
				</Compiler>
				<Linker>
					<Add option="-s" />
				</Linker>
			</Target>
		</Build>
		<Compiler>
			<Add option="-Wall" />
			<Add option="-std=c++11" />
		</Compiler>
		<Linker>
			<Add option="-lsfml-graphics" />
			<Add option="-lsfml-window" />
			<Add option="-lsfml-system" />
		</Linker>
		<Unit filename="../WidapLib2/h/Graphics/Color.h" />
		<Unit filename="../WidapLib2/h/Graphics/Image.h" />
		<Unit filename="../WidapLib2/h/Graphics/ImageBase.h" />
		<Unit filename="../WidapLib2/h/Graphics/Surface.h" />
		<Unit filename="../WidapLib2/h/Graphics/TextBase.h" />
		<Unit filename="../WidapLib2/h/Graphics/TextLineFont.h" />
		<Unit filename="../WidapLib2/h/Math/ComplexMath.h" />
		<Unit filename="../WidapLib2/h/Math/SimpMath.h" />
		<Unit filename="../WidapLib2/h/Math/Vector.h" />
		<Unit filename="../WidapLib2/h/Math/Vector2D.h" />
		<Unit filename="../WidapLib2/h/Math/Vector3D.h" />
		<Unit filename="../WidapLib2/h/Mscl/Error.h" />
		<Unit filename="../WidapLib2/h/Mscl/StringFuncs.h" />
		<Unit filename="../WidapLib2/h/Mscl/Timer.h" />
		<Unit filename="../WidapLib2/h/UI/ViewUI.h" />
		<Unit filename="../WidapLib2/h/Window/InputSource.h" />
		<Unit filename="../WidapLib2/h/Window/WindowBase.h" />
		<Unit filename="../WidapLib2/h/Window/WindowSFML.h" />
		<Unit filename="../WidapLib2/src/Graphics/Color.cpp" />
		<Unit filename="../WidapLib2/src/Graphics/Image.cpp" />
		<Unit filename="../WidapLib2/src/Graphics/ImageBase.cpp" />
		<Unit filename="../WidapLib2/src/Graphics/Surface.cpp" />
		<Unit filename="../WidapLib2/src/Graphics/TextBase.cpp" />
		<Unit filename="../WidapLib2/src/Graphics/TextLineFont.cpp" />
		<Unit filename="../WidapLib2/src/Math/ComplexMath.cpp" />
		<Unit filename="../WidapLib2/src/Mscl/Error.cpp" />
		<Unit filename="../WidapLib2/src/Mscl/StringFuncs.cpp" />
		<Unit filename="../WidapLib2/src/Mscl/Timer.cpp" />
		<Unit filename="../WidapLib2/src/UI/ViewUI.cpp" />
		<Unit filename="../WidapLib2/src/Window/InputSource.cpp" />
		<Unit filename="../WidapLib2/src/Window/WindowBase.cpp" />
		<Unit filename="../WidapLib2/src/Window/WindowSFML.cpp" />
		<Unit filename="ChessAI.cpp" />
		<Unit filename="ChessAI.h" />
		<Unit filename="ChessGUI.cpp" />
		<Unit filename="ChessGUI.h" />
		<Unit filename="ChessGame.cpp" />
		<Unit filename="ChessGame.h" />
		<Unit filename="Error.cpp" />
		<Unit filename="Error.h" />
		<Unit filename="mainGUI.cpp" />
		<Extensions>
			<code_completion />
			<envvars />
			<debugger />
		</Extensions>
	</Project>
</CodeBlocks_project_file>
